
Microsoft Visual Studio Solution File, Format Version 12.00
# Visual Studio Version 17
VisualStudioVersion = 17.13.35825.156 d17.13
MinimumVisualStudioVersion = 10.0.40219.1
Project("{FAE04EC0-301F-11D3-BF4B-00C04F79EFBC}") = "RideHubBackend", "RideHubBackend.csproj", "{619E5F86-E171-4193-8DB1-722926DB1EF8}"
EndProject
Global
	GlobalSection(SolutionConfigurationPlatforms) = preSolution
		Debug|Any CPU = Debug|Any CPU
		Release|Any CPU = Release|Any CPU
	EndGlobalSection
	GlobalSection(ProjectConfigurationPlatforms) = postSolution
		{619E5F86-E171-4193-8DB1-722926DB1EF8}.Debug|Any CPU.ActiveCfg = Debug|Any CPU
		{619E5F86-E171-4193-8DB1-722926DB1EF8}.Debug|Any CPU.Build.0 = Debug|Any CPU
		{619E5F86-E171-4193-8DB1-722926DB1EF8}.Release|Any CPU.ActiveCfg = Release|Any CPU
		{619E5F86-E171-4193-8DB1-722926DB1EF8}.Release|Any CPU.Build.0 = Release|Any CPU
	EndGlobalSection
	GlobalSection(SolutionProperties) = preSolution
		HideSolutionNode = FALSE
	EndGlobalSection
	GlobalSection(ExtensibilityGlobals) = postSolution
		SolutionGuid = {53EDA998-174E-439E-85D4-0E33FA130B9C}
	EndGlobalSection
EndGlobal
